
Microsoft Visual Studio Solution File, Format Version 12.00
# Visual Studio Version 17
VisualStudioVersion = 17.10.34928.147
MinimumVisualStudioVersion = 10.0.40219.1
Project("{FAE04EC0-301F-11D3-BF4B-00C04F79EFBC}") = "TracNghiem", "TracNghiem\TracNghiem.csproj", "{865F087D-4976-4D1F-8C15-30F6C4D37723}"
EndProject
Global
	GlobalSection(SolutionConfigurationPlatforms) = preSolution
		Debug|Any CPU = Debug|Any CPU
		Release|Any CPU = Release|Any CPU
	EndGlobalSection
	GlobalSection(ProjectConfigurationPlatforms) = postSolution
		{865F087D-4976-4D1F-8C15-30F6C4D37723}.Debug|Any CPU.ActiveCfg = Debug|Any CPU
		{865F087D-4976-4D1F-8C15-30F6C4D37723}.Debug|Any CPU.Build.0 = Debug|Any CPU
		{865F087D-4976-4D1F-8C15-30F6C4D37723}.Release|Any CPU.ActiveCfg = Release|Any CPU
		{865F087D-4976-4D1F-8C15-30F6C4D37723}.Release|Any CPU.Build.0 = Release|Any CPU
	EndGlobalSection
	GlobalSection(SolutionProperties) = preSolution
		HideSolutionNode = FALSE
	EndGlobalSection
	GlobalSection(ExtensibilityGlobals) = postSolution
		SolutionGuid = {7E36B365-FCC7-46EB-8A7A-B1B646314AE3}
	EndGlobalSection
EndGlobal
